
Microsoft Visual Studio Solution File, Format Version 12.00
# Visual Studio 14
VisualStudioVersion = 14.0.25420.1
MinimumVisualStudioVersion = 10.0.40219.1
Project("{FAE04EC0-301F-11D3-BF4B-00C04F79EFBC}") = "EFToolWindow", "EFToolWindow\EFToolWindow.csproj", "{99F961A3-47A3-4C13-B206-B2437D8F199A}"
EndProject
Project("{FAE04EC0-301F-11D3-BF4B-00C04F79EFBC}") = "TestClient", "TestClient\TestClient.csproj", "{FCD27B2C-31D0-4762-9253-60FD5D294232}"
EndProject
Project("{FAE04EC0-301F-11D3-BF4B-00C04F79EFBC}") = "EFClient", "EFClient\EFClient.csproj", "{2220F91C-9C36-4E69-A9F8-26A19BB8A6F6}"
EndProject
Global
	GlobalSection(SolutionConfigurationPlatforms) = preSolution
		Debug|Any CPU = Debug|Any CPU
		Release|Any CPU = Release|Any CPU
	EndGlobalSection
	GlobalSection(ProjectConfigurationPlatforms) = postSolution
		{99F961A3-47A3-4C13-B206-B2437D8F199A}.Debug|Any CPU.ActiveCfg = Debug|Any CPU
		{99F961A3-47A3-4C13-B206-B2437D8F199A}.Debug|Any CPU.Build.0 = Debug|Any CPU
		{99F961A3-47A3-4C13-B206-B2437D8F199A}.Release|Any CPU.ActiveCfg = Release|Any CPU
		{99F961A3-47A3-4C13-B206-B2437D8F199A}.Release|Any CPU.Build.0 = Release|Any CPU
		{FCD27B2C-31D0-4762-9253-60FD5D294232}.Debug|Any CPU.ActiveCfg = Debug|Any CPU
		{FCD27B2C-31D0-4762-9253-60FD5D294232}.Debug|Any CPU.Build.0 = Debug|Any CPU
		{FCD27B2C-31D0-4762-9253-60FD5D294232}.Release|Any CPU.ActiveCfg = Release|Any CPU
		{FCD27B2C-31D0-4762-9253-60FD5D294232}.Release|Any CPU.Build.0 = Release|Any CPU
		{2220F91C-9C36-4E69-A9F8-26A19BB8A6F6}.Debug|Any CPU.ActiveCfg = Debug|Any CPU
		{2220F91C-9C36-4E69-A9F8-26A19BB8A6F6}.Debug|Any CPU.Build.0 = Debug|Any CPU
		{2220F91C-9C36-4E69-A9F8-26A19BB8A6F6}.Release|Any CPU.ActiveCfg = Release|Any CPU
		{2220F91C-9C36-4E69-A9F8-26A19BB8A6F6}.Release|Any CPU.Build.0 = Release|Any CPU
	EndGlobalSection
	GlobalSection(SolutionProperties) = preSolution
		HideSolutionNode = FALSE
	EndGlobalSection
EndGlobal
